// !$*UTF8*$!
{
	archiveVersion = 1;
	classes = {
	};
	objectVersion = 50;
	objects = {

/* Begin PBXBuildFile section */
		10591BAD21AC7F8E0070C19A /* AppDelegate.swift in Sources */ = {isa = PBXBuildFile; fileRef = 10591BAC21AC7F8E0070C19A /* AppDelegate.swift */; };
		10591BB221AC7F8E0070C19A /* Main.storyboard in Resources */ = {isa = PBXBuildFile; fileRef = 10591BB021AC7F8E0070C19A /* Main.storyboard */; };
		10591BB421AC7F8E0070C19A /* Assets.xcassets in Resources */ = {isa = PBXBuildFile; fileRef = 10591BB321AC7F8E0070C19A /* Assets.xcassets */; };
		10591BB721AC7F8E0070C19A /* LaunchScreen.storyboard in Resources */ = {isa = PBXBuildFile; fileRef = 10591BB521AC7F8E0070C19A /* LaunchScreen.storyboard */; };
		10E7F27421B1BC44000E1EAB /* BucketItem.swift in Sources */ = {isa = PBXBuildFile; fileRef = 10E7F27321B1BC44000E1EAB /* BucketItem.swift */; };
		10E7F27721B1BCA5000E1EAB /* DataViewController.swift in Sources */ = {isa = PBXBuildFile; fileRef = 10E7F27621B1BCA5000E1EAB /* DataViewController.swift */; };
		10E7F27921B1BCDD000E1EAB /* BucketItemCell.swift in Sources */ = {isa = PBXBuildFile; fileRef = 10E7F27821B1BCDD000E1EAB /* BucketItemCell.swift */; };
		10E7F27B21B1BD4E000E1EAB /* bucket18.csv in Resources */ = {isa = PBXBuildFile; fileRef = 10E7F27A21B1BD4E000E1EAB /* bucket18.csv */; };
/* End PBXBuildFile section */

/* Begin PBXFileReference section */
		10591BA921AC7F8E0070C19A /* DataProject.app */ = {isa = PBXFileReference; explicitFileType = wrapper.application; includeInIndex = 0; path = DataProject.app; sourceTree = BUILT_PRODUCTS_DIR; };
		10591BAC21AC7F8E0070C19A /* AppDelegate.swift */ = {isa = PBXFileReference; lastKnownFileType = sourcecode.swift; path = AppDelegate.swift; sourceTree = "<group>"; };
		10591BB121AC7F8E0070C19A /* Base */ = {isa = PBXFileReference; lastKnownFileType = file.storyboard; name = Base; path = Base.lproj/Main.storyboard; sourceTree = "<group>"; };
		10591BB321AC7F8E0070C19A /* Assets.xcassets */ = {isa = PBXFileReference; lastKnownFileType = folder.assetcatalog; path = Assets.xcassets; sourceTree = "<group>"; };
		10591BB621AC7F8E0070C19A /* Base */ = {isa = PBXFileReference; lastKnownFileType = file.storyboard; name = Base; path = Base.lproj/LaunchScreen.storyboard; sourceTree = "<group>"; };
		10591BB821AC7F8E0070C19A /* Info.plist */ = {isa = PBXFileReference; lastKnownFileType = text.plist.xml; path = Info.plist; sourceTree = "<group>"; };
		10E7F27321B1BC44000E1EAB /* BucketItem.swift */ = {isa = PBXFileReference; lastKnownFileType = sourcecode.swift; path = BucketItem.swift; sourceTree = "<group>"; };
		10E7F27621B1BCA5000E1EAB /* DataViewController.swift */ = {isa = PBXFileReference; lastKnownFileType = sourcecode.swift; path = DataViewController.swift; sourceTree = "<group>"; };
		10E7F27821B1BCDD000E1EAB /* BucketItemCell.swift */ = {isa = PBXFileReference; lastKnownFileType = sourcecode.swift; path = BucketItemCell.swift; sourceTree = "<group>"; };
		10E7F27A21B1BD4E000E1EAB /* bucket18.csv */ = {isa = PBXFileReference; fileEncoding = 4; lastKnownFileType = text; name = bucket18.csv; path = ../../../../Downloads/bucket18.csv; sourceTree = "<group>"; };
/* End PBXFileReference section */

/* Begin PBXFrameworksBuildPhase section */
		10591BA621AC7F8E0070C19A /* Frameworks */ = {
			isa = PBXFrameworksBuildPhase;
			buildActionMask = 2147483647;
			files = (
			);
			runOnlyForDeploymentPostprocessing = 0;
		};
/* End PBXFrameworksBuildPhase section */

/* Begin PBXGroup section */
		10591BA021AC7F8E0070C19A = {
			isa = PBXGroup;
			children = (
				10E7F27521B1BC57000E1EAB /* Model */,
				10591BAB21AC7F8E0070C19A /* DataProject */,
				10591BAA21AC7F8E0070C19A /* Products */,
			);
			sourceTree = "<group>";
		};
		10591BAA21AC7F8E0070C19A /* Products */ = {
			isa = PBXGroup;
			children = (
				10591BA921AC7F8E0070C19A /* DataProject.app */,
			);
			name = Products;
			sourceTree = "<group>";
		};
		10591BAB21AC7F8E0070C19A /* DataProject */ = {
			isa = PBXGroup;
			children = (
				10591BC321AC80340070C19A /* Controller */,
				10591BBE21AC7FA60070C19A /* Resources */,
				10591BBF21AC7FF00070C19A /* View */,
			);
			path = DataProject;
			sourceTree = "<group>";
		};
		10591BBE21AC7FA60070C19A /* Resources */ = {
			isa = PBXGroup;
			children = (
				10E7F27A21B1BD4E000E1EAB /* bucket18.csv */,
				10591BAC21AC7F8E0070C19A /* AppDelegate.swift */,
				10591BB321AC7F8E0070C19A /* Assets.xcassets */,
				10591BB821AC7F8E0070C19A /* Info.plist */,
			);
			path = Resources;
			sourceTree = "<group>";
		};
		10591BBF21AC7FF00070C19A /* View */ = {
			isa = PBXGroup;
			children = (
				10591BB021AC7F8E0070C19A /* Main.storyboard */,
				10591BB521AC7F8E0070C19A /* LaunchScreen.storyboard */,
			);
			path = View;
			sourceTree = "<group>";
		};
		10591BC321AC80340070C19A /* Controller */ = {
			isa = PBXGroup;
			children = (
				10E7F27621B1BCA5000E1EAB /* DataViewController.swift */,
				10E7F27821B1BCDD000E1EAB /* BucketItemCell.swift */,
			);
			path = Controller;
			sourceTree = "<group>";
		};
		10E7F27521B1BC57000E1EAB /* Model */ = {
			isa = PBXGroup;
			children = (
				10E7F27321B1BC44000E1EAB /* BucketItem.swift */,
			);
			path = Model;
			sourceTree = "<group>";
		};
/* End PBXGroup section */

/* Begin PBXNativeTarget section */
		10591BA821AC7F8E0070C19A /* DataProject */ = {
			isa = PBXNativeTarget;
			buildConfigurationList = 10591BBB21AC7F8E0070C19A /* Build configuration list for PBXNativeTarget "DataProject" */;
			buildPhases = (
				10591BA521AC7F8E0070C19A /* Sources */,
				10591BA621AC7F8E0070C19A /* Frameworks */,
				10591BA721AC7F8E0070C19A /* Resources */,
			);
			buildRules = (
			);
			dependencies = (
			);
			name = DataProject;
			productName = DataProject;
			productReference = 10591BA921AC7F8E0070C19A /* DataProject.app */;
			productType = "com.apple.product-type.application";
		};
/* End PBXNativeTarget section */

/* Begin PBXProject section */
		10591BA121AC7F8E0070C19A /* Project object */ = {
			isa = PBXProject;
			attributes = {
				LastSwiftUpdateCheck = 0940;
				LastUpgradeCheck = 0940;
				ORGANIZATIONNAME = CTEC;
				TargetAttributes = {
					10591BA821AC7F8E0070C19A = {
						CreatedOnToolsVersion = 9.4.1;
					};
				};
			};
			buildConfigurationList = 10591BA421AC7F8E0070C19A /* Build configuration list for PBXProject "DataProject" */;
			compatibilityVersion = "Xcode 9.3";
			developmentRegion = en;
			hasScannedForEncodings = 0;
			knownRegions = (
				en,
				Base,
			);
			mainGroup = 10591BA021AC7F8E0070C19A;
			productRefGroup = 10591BAA21AC7F8E0070C19A /* Products */;
			projectDirPath = "";
			projectRoot = "";
			targets = (
				10591BA821AC7F8E0070C19A /* DataProject */,
			);
		};
/* End PBXProject section */

/* Begin PBXResourcesBuildPhase section */
		10591BA721AC7F8E0070C19A /* Resources */ = {
			isa = PBXResourcesBuildPhase;
			buildActionMask = 2147483647;
			files = (
				10591BB721AC7F8E0070C19A /* LaunchScreen.storyboard in Resources */,
				10E7F27B21B1BD4E000E1EAB /* bucket18.csv in Resources */,
				10591BB421AC7F8E0070C19A /* Assets.xcassets in Resources */,
				10591BB221AC7F8E0070C19A /* Main.storyboard in Resources */,
			);
			runOnlyForDeploymentPostprocessing = 0;
		};
/* End PBXResourcesBuildPhase section */

/* Begin PBXSourcesBuildPhase section */
		10591BA521AC7F8E0070C19A /* Sources */ = {
			isa = PBXSourcesBuildPhase;
			buildActionMask = 2147483647;
			files = (
				10E7F27921B1BCDD000E1EAB /* BucketItemCell.swift in Sources */,
				10E7F27721B1BCA5000E1EAB /* DataViewController.swift in Sources */,
				10E7F27421B1BC44000E1EAB /* BucketItem.swift in Sources */,
				10591BAD21AC7F8E0070C19A /* AppDelegate.swift in Sources */,
			);
			runOnlyForDeploymentPostprocessing = 0;
		};
/* End PBXSourcesBuildPhase section */

/* Begin PBXVariantGroup section */
		10591BB021AC7F8E0070C19A /* Main.storyboard */ = {
			isa = PBXVariantGroup;
			children = (
				10591BB121AC7F8E0070C19A /* Base */,
			);
			name = Main.storyboard;
			sourceTree = "<group>";
		};
		10591BB521AC7F8E0070C19A /* LaunchScreen.storyboard */ = {
			isa = PBXVariantGroup;
			children = (
				10591BB621AC7F8E0070C19A /* Base */,
			);
			name = LaunchScreen.storyboard;
			sourceTree = "<group>";
		};
/* End PBXVariantGroup section */

/* Begin XCBuildConfiguration section */
		10591BB921AC7F8E0070C19A /* Debug */ = {
			isa = XCBuildConfiguration;
			buildSettings = {
				ALWAYS_SEARCH_USER_PATHS = NO;
				CLANG_ANALYZER_NONNULL = YES;
				CLANG_ANALYZER_NUMBER_OBJECT_CONVERSION = YES_AGGRESSIVE;
				CLANG_CXX_LANGUAGE_STANDARD = "gnu++14";
				CLANG_CXX_LIBRARY = "libc++";
				CLANG_ENABLE_MODULES = YES;
				CLANG_ENABLE_OBJC_ARC = YES;
				CLANG_ENABLE_OBJC_WEAK = YES;
				CLANG_WARN_BLOCK_CAPTURE_AUTORELEASING = YES;
				CLANG_WARN_BOOL_CONVERSION = YES;
				CLANG_WARN_COMMA = YES;
				CLANG_WARN_CONSTANT_CONVERSION = YES;
				CLANG_WARN_DEPRECATED_OBJC_IMPLEMENTATIONS = YES;
				CLANG_WARN_DIRECT_OBJC_ISA_USAGE = YES_ERROR;
				CLANG_WARN_DOCUMENTATION_COMMENTS = YES;
				CLANG_WARN_EMPTY_BODY = YES;
				CLANG_WARN_ENUM_CONVERSION = YES;
				CLANG_WARN_INFINITE_RECURSION = YES;
				CLANG_WARN_INT_CONVERSION = YES;
				CLANG_WARN_NON_LITERAL_NULL_CONVERSION = YES;
				CLANG_WARN_OBJC_IMPLICIT_RETAIN_SELF = YES;
				CLANG_WARN_OBJC_LITERAL_CONVERSION = YES;
				CLANG_WARN_OBJC_ROOT_CLASS = YES_ERROR;
				CLANG_WARN_RANGE_LOOP_ANALYSIS = YES;
				CLANG_WARN_STRICT_PROTOTYPES = YES;
				CLANG_WARN_SUSPICIOUS_MOVE = YES;
				CLANG_WARN_UNGUARDED_AVAILABILITY = YES_AGGRESSIVE;
				CLANG_WARN_UNREACHABLE_CODE = YES;
				CLANG_WARN__DUPLICATE_METHOD_MATCH = YES;
				CODE_SIGN_IDENTITY = "iPhone Developer";
				COPY_PHASE_STRIP = NO;
				DEBUG_INFORMATION_FORMAT = dwarf;
				ENABLE_STRICT_OBJC_MSGSEND = YES;
				ENABLE_TESTABILITY = YES;
				GCC_C_LANGUAGE_STANDARD = gnu11;
				GCC_DYNAMIC_NO_PIC = NO;
				GCC_NO_COMMON_BLOCKS = YES;
				GCC_OPTIMIZATION_LEVEL = 0;
				GCC_PREPROCESSOR_DEFINITIONS = (
					"DEBUG=1",
					"$(inherited)",
				);
				GCC_WARN_64_TO_32_BIT_CONVERSION = YES;
				GCC_WARN_ABOUT_RETURN_TYPE = YES_ERROR;
				GCC_WARN_UNDECLARED_SELECTOR = YES;
				GCC_WARN_UNINITIALIZED_AUTOS = YES_AGGRESSIVE;
				GCC_WARN_UNUSED_FUNCTION = YES;
				GCC_WARN_UNUSED_VARIABLE = YES;
				IPHONEOS_DEPLOYMENT_TARGET = 11.4;
				MTL_ENABLE_DEBUG_INFO = YES;
				ONLY_ACTIVE_ARCH = YES;
				SDKROOT = iphoneos;
				SWIFT_ACTIVE_COMPILATION_CONDITIONS = DEBUG;
				SWIFT_OPTIMIZATION_LEVEL = "-Onone";
			};
			name = Debug;
		};
		10591BBA21AC7F8E0070C19A /* Release */ = {
			isa = XCBuildConfiguration;
			buildSettings = {
				ALWAYS_SEARCH_USER_PATHS = NO;
				CLANG_ANALYZER_NONNULL = YES;
				CLANG_ANALYZER_NUMBER_OBJECT_CONVERSION = YES_AGGRESSIVE;
				CLANG_CXX_LANGUAGE_STANDARD = "gnu++14";
				CLANG_CXX_LIBRARY = "libc++";
				CLANG_ENABLE_MODULES = YES;
				CLANG_ENABLE_OBJC_ARC = YES;
				CLANG_ENABLE_OBJC_WEAK = YES;
				CLANG_WARN_BLOCK_CAPTURE_AUTORELEASING = YES;
				CLANG_WARN_BOOL_CONVERSION = YES;
				CLANG_WARN_COMMA = YES;
				CLANG_WARN_CONSTANT_CONVERSION = YES;
				CLANG_WARN_DEPRECATED_OBJC_IMPLEMENTATIONS = YES;
				CLANG_WARN_DIRECT_OBJC_ISA_USAGE = YES_ERROR;
				CLANG_WARN_DOCUMENTATION_COMMENTS = YES;
				CLANG_WARN_EMPTY_BODY = YES;
				CLANG_WARN_ENUM_CONVERSION = YES;
				CLANG_WARN_INFINITE_RECURSION = YES;
				CLANG_WARN_INT_CONVERSION = YES;
				CLANG_WARN_NON_LITERAL_NULL_CONVERSION = YES;
				CLANG_WARN_OBJC_IMPLICIT_RETAIN_SELF = YES;
				CLANG_WARN_OBJC_LITERAL_CONVERSION = YES;
				CLANG_WARN_OBJC_ROOT_CLASS = YES_ERROR;
				CLANG_WARN_RANGE_LOOP_ANALYSIS = YES;
				CLANG_WARN_STRICT_PROTOTYPES = YES;
				CLANG_WARN_SUSPICIOUS_MOVE = YES;
				CLANG_WARN_UNGUARDED_AVAILABILITY = YES_AGGRESSIVE;
				CLANG_WARN_UNREACHABLE_CODE = YES;
				CLANG_WARN__DUPLICATE_METHOD_MATCH = YES;
				CODE_SIGN_IDENTITY = "iPhone Developer";
				COPY_PHASE_STRIP = NO;
				DEBUG_INFORMATION_FORMAT = "dwarf-with-dsym";
				ENABLE_NS_ASSERTIONS = NO;
				ENABLE_STRICT_OBJC_MSGSEND = YES;
				GCC_C_LANGUAGE_STANDARD = gnu11;
				GCC_NO_COMMON_BLOCKS = YES;
				GCC_WARN_64_TO_32_BIT_CONVERSION = YES;
				GCC_WARN_ABOUT_RETURN_TYPE = YES_ERROR;
				GCC_WARN_UNDECLARED_SELECTOR = YES;
				GCC_WARN_UNINITIALIZED_AUTOS = YES_AGGRESSIVE;
				GCC_WARN_UNUSED_FUNCTION = YES;
				GCC_WARN_UNUSED_VARIABLE = YES;
				IPHONEOS_DEPLOYMENT_TARGET = 11.4;
				MTL_ENABLE_DEBUG_INFO = NO;
				SDKROOT = iphoneos;
				SWIFT_COMPILATION_MODE = wholemodule;
				SWIFT_OPTIMIZATION_LEVEL = "-O";
				VALIDATE_PRODUCT = YES;
			};
			name = Release;
		};
		10591BBC21AC7F8E0070C19A /* Debug */ = {
			isa = XCBuildConfiguration;
			buildSettings = {
				ASSETCATALOG_COMPILER_APPICON_NAME = AppIcon;
				CODE_SIGN_STYLE = Manual;
				DEVELOPMENT_TEAM = "";
				INFOPLIST_FILE = "$(SRCROOT)/DataProject/Resources/Info.plist";
				LD_RUNPATH_SEARCH_PATHS = (
					"$(inherited)",
					"@executable_path/Frameworks",
				);
				PRODUCT_BUNDLE_IDENTIFIER = CTEC.DataProject;
				PRODUCT_NAME = "$(TARGET_NAME)";
				PROVISIONING_PROFILE_SPECIFIER = "";
				SWIFT_VERSION = 4.0;
				TARGETED_DEVICE_FAMILY = "1,2";
			};
			name = Debug;
		};
		10591BBD21AC7F8E0070C19A /* Release */ = {
			isa = XCBuildConfiguration;
			buildSettings = {
				ASSETCATALOG_COMPILER_APPICON_NAME = AppIcon;
				CODE_SIGN_STYLE = Manual;
				DEVELOPMENT_TEAM = "";
				INFOPLIST_FILE = "$(SRCROOT)/DataProject/Resources/Info.plist";
				LD_RUNPATH_SEARCH_PATHS = (
					"$(inherited)",
					"@executable_path/Frameworks",
				);
				PRODUCT_BUNDLE_IDENTIFIER = CTEC.DataProject;
				PRODUCT_NAME = "$(TARGET_NAME)";
				PROVISIONING_PROFILE_SPECIFIER = "";
				SWIFT_VERSION = 4.0;
				TARGETED_DEVICE_FAMILY = "1,2";
			};
			name = Release;
		};
/* End XCBuildConfiguration section */

/* Begin XCConfigurationList section */
		10591BA421AC7F8E0070C19A /* Build configuration list for PBXProject "DataProject" */ = {
			isa = XCConfigurationList;
			buildConfigurations = (
				10591BB921AC7F8E0070C19A /* Debug */,
				10591BBA21AC7F8E0070C19A /* Release */,
			);
			defaultConfigurationIsVisible = 0;
			defaultConfigurationName = Release;
		};
		10591BBB21AC7F8E0070C19A /* Build configuration list for PBXNativeTarget "DataProject" */ = {
			isa = XCConfigurationList;
			buildConfigurations = (
				10591BBC21AC7F8E0070C19A /* Debug */,
				10591BBD21AC7F8E0070C19A /* Release */,
			);
			defaultConfigurationIsVisible = 0;
			defaultConfigurationName = Release;
		};
/* End XCConfigurationList section */
	};
	rootObject = 10591BA121AC7F8E0070C19A /* Project object */;
}
